
Microsoft Visual Studio Solution File, Format Version 12.00
# Visual Studio 15
VisualStudioVersion = 15.0.28307.271
MinimumVisualStudioVersion = 10.0.40219.1
Project("{FAE04EC0-301F-11D3-BF4B-00C04F79EFBC}") = "唐僧解瓦", "唐僧解瓦\唐僧解瓦.csproj", "{D21B1165-162A-4569-95C9-D2DBECDBD6C7}"
EndProject
Global
	GlobalSection(SolutionConfigurationPlatforms) = preSolution
		Debug|Any CPU = Debug|Any CPU
		Release|Any CPU = Release|Any CPU
	EndGlobalSection
	GlobalSection(ProjectConfigurationPlatforms) = postSolution
		{D21B1165-162A-4569-95C9-D2DBECDBD6C7}.Debug|Any CPU.ActiveCfg = Debug|Any CPU
		{D21B1165-162A-4569-95C9-D2DBECDBD6C7}.Debug|Any CPU.Build.0 = Debug|Any CPU
		{D21B1165-162A-4569-95C9-D2DBECDBD6C7}.Release|Any CPU.ActiveCfg = Release|Any CPU
		{D21B1165-162A-4569-95C9-D2DBECDBD6C7}.Release|Any CPU.Build.0 = Release|Any CPU
	EndGlobalSection
	GlobalSection(SolutionProperties) = preSolution
		HideSolutionNode = FALSE
	EndGlobalSection
	GlobalSection(ExtensibilityGlobals) = postSolution
		SolutionGuid = {02827F19-F9E5-4A72-8114-DDBECD6012BF}
	EndGlobalSection
EndGlobal
